
Microsoft Visual Studio Solution File, Format Version 12.00
# Visual Studio Version 16
VisualStudioVersion = 16.0.31702.278
MinimumVisualStudioVersion = 10.0.40219.1
Project("{8BC9CEB8-8B4A-11D0-8D11-00A0C91BC942}") = "new_grader", "new_grader\new_grader.vcxproj", "{60F83304-0604-4451-A063-D3B11FD77E3F}"
EndProject
Global
	GlobalSection(SolutionConfigurationPlatforms) = preSolution
		Debug|x64 = Debug|x64
		Debug|x86 = Debug|x86
		Release|x64 = Release|x64
		Release|x86 = Release|x86
	EndGlobalSection
	GlobalSection(ProjectConfigurationPlatforms) = postSolution
		{60F83304-0604-4451-A063-D3B11FD77E3F}.Debug|x64.ActiveCfg = Debug|x64
		{60F83304-0604-4451-A063-D3B11FD77E3F}.Debug|x64.Build.0 = Debug|x64
		{60F83304-0604-4451-A063-D3B11FD77E3F}.Debug|x86.ActiveCfg = Debug|Win32
		{60F83304-0604-4451-A063-D3B11FD77E3F}.Debug|x86.Build.0 = Debug|Win32
		{60F83304-0604-4451-A063-D3B11FD77E3F}.Release|x64.ActiveCfg = Release|x64
		{60F83304-0604-4451-A063-D3B11FD77E3F}.Release|x64.Build.0 = Release|x64
		{60F83304-0604-4451-A063-D3B11FD77E3F}.Release|x86.ActiveCfg = Release|Win32
		{60F83304-0604-4451-A063-D3B11FD77E3F}.Release|x86.Build.0 = Release|Win32
	EndGlobalSection
	GlobalSection(SolutionProperties) = preSolution
		HideSolutionNode = FALSE
	EndGlobalSection
	GlobalSection(ExtensibilityGlobals) = postSolution
		SolutionGuid = {8C7A7B72-EB01-4F95-A7FA-6C1C833C7862}
	EndGlobalSection
EndGlobal
